
Microsoft Visual Studio Solution File, Format Version 12.00
# Visual Studio Version 16
VisualStudioVersion = 16.0.31005.135
MinimumVisualStudioVersion = 10.0.40219.1
Project("{FAE04EC0-301F-11D3-BF4B-00C04F79EFBC}") = "pkp.api", "pkp.api\pkp.api.csproj", "{3A63388A-5CDA-49FD-9D93-4E8444A90A7C}"
EndProject
Global
	GlobalSection(SolutionConfigurationPlatforms) = preSolution
		Debug|Any CPU = Debug|Any CPU
		Release|Any CPU = Release|Any CPU
	EndGlobalSection
	GlobalSection(ProjectConfigurationPlatforms) = postSolution
		{3A63388A-5CDA-49FD-9D93-4E8444A90A7C}.Debug|Any CPU.ActiveCfg = Debug|Any CPU
		{3A63388A-5CDA-49FD-9D93-4E8444A90A7C}.Debug|Any CPU.Build.0 = Debug|Any CPU
		{3A63388A-5CDA-49FD-9D93-4E8444A90A7C}.Release|Any CPU.ActiveCfg = Release|Any CPU
		{3A63388A-5CDA-49FD-9D93-4E8444A90A7C}.Release|Any CPU.Build.0 = Release|Any CPU
	EndGlobalSection
	GlobalSection(SolutionProperties) = preSolution
		HideSolutionNode = FALSE
	EndGlobalSection
	GlobalSection(ExtensibilityGlobals) = postSolution
		SolutionGuid = {A503B00B-5E25-4A5E-8F6C-8FB8AFBC43C8}
	EndGlobalSection
EndGlobal
